
Microsoft Visual Studio Solution File, Format Version 12.00
# Visual Studio Version 17
VisualStudioVersion = 17.0.32014.148
MinimumVisualStudioVersion = 10.0.40219.1
Project("{C7167F0D-BC9F-4E6E-AFE1-012C56B48DB5}") = "OnionMedia (Package)", "OnionMedia\OnionMedia (Package)\OnionMedia (Package).wapproj", "{3070DA81-C598-4832-AAA2-05E0D88D5960}"
EndProject
Project("{9A19103F-16F7-4668-BE54-9A1E7A4F7556}") = "OnionMedia", "OnionMedia\OnionMedia\OnionMedia.csproj", "{03801EA2-5FD5-4DC7-88C0-7949533B243B}"
EndProject
Project("{9A19103F-16F7-4668-BE54-9A1E7A4F7556}") = "OnionMedia.Core", "OnionMedia\OnionMedia.Core\OnionMedia.Core.csproj", "{24D1E659-DBE7-48A0-8060-0A91DE7C46A3}"
EndProject
Project("{9A19103F-16F7-4668-BE54-9A1E7A4F7556}") = "YoutubeDLSharp", "YoutubeDLSharp-master\YoutubeDLSharp\YoutubeDLSharp.csproj", "{0D6A4238-F239-489D-93C1-4646A8E8EDCE}"
EndProject
Project("{9A19103F-16F7-4668-BE54-9A1E7A4F7556}") = "OnionMedia.Avalonia", "OnionMedia.Avalonia\OnionMedia.Avalonia.csproj", "{ABAB7815-F7F5-4807-9A4A-925DF74DE4C1}"
EndProject
Project("{9A19103F-16F7-4668-BE54-9A1E7A4F7556}") = "RangeSlider.Avalonia", "Avalonia.RangeSlider-avalonia11\RangeSlider.Avalonia\RangeSlider.Avalonia.csproj", "{1E34CFB5-6CE9-49A2-A40A-6255011FE309}"
EndProject
Project("{9A19103F-16F7-4668-BE54-9A1E7A4F7556}") = "FluentAvalonia.ProgressRing", "FluentAvalonia.ProgressRing\FluentAvalonia.ProgressRing\FluentAvalonia.ProgressRing.csproj", "{56302291-9CF3-47DB-BDFC-154AE87415E8}"
EndProject
Project("{9A19103F-16F7-4668-BE54-9A1E7A4F7556}") = "DesktopNotifications.FreeDesktop", "DesktopNotifications-patch-2\DesktopNotifications.FreeDesktop\DesktopNotifications.FreeDesktop.csproj", "{69969914-A00B-4A7C-887A-59D7FCA2FF9D}"
EndProject
Project("{9A19103F-16F7-4668-BE54-9A1E7A4F7556}") = "DesktopNotifications", "DesktopNotifications-patch-2\DesktopNotifications\DesktopNotifications.csproj", "{AE7AA08B-0018-4FD4-B1D1-52D51406DA35}"
EndProject
Project("{9A19103F-16F7-4668-BE54-9A1E7A4F7556}") = "FFMpegCore", "FFMpegCore\FFMpegCore\FFMpegCore.csproj", "{AB554221-F686-45C2-A1ED-F46EB99A0937}"
EndProject
Global
	GlobalSection(SolutionConfigurationPlatforms) = preSolution
		Debug|Any CPU = Debug|Any CPU
		Debug|arm64 = Debug|arm64
		Debug|x64 = Debug|x64
		Debug|x86 = Debug|x86
		Release|Any CPU = Release|Any CPU
		Release|arm64 = Release|arm64
		Release|x64 = Release|x64
		Release|x86 = Release|x86
	EndGlobalSection
	GlobalSection(ProjectConfigurationPlatforms) = postSolution
		{3070DA81-C598-4832-AAA2-05E0D88D5960}.Debug|Any CPU.ActiveCfg = Debug|x64
		{3070DA81-C598-4832-AAA2-05E0D88D5960}.Debug|Any CPU.Build.0 = Debug|x64
		{3070DA81-C598-4832-AAA2-05E0D88D5960}.Debug|Any CPU.Deploy.0 = Debug|x64
		{3070DA81-C598-4832-AAA2-05E0D88D5960}.Debug|arm64.ActiveCfg = Debug|arm64
		{3070DA81-C598-4832-AAA2-05E0D88D5960}.Debug|arm64.Build.0 = Debug|arm64
		{3070DA81-C598-4832-AAA2-05E0D88D5960}.Debug|arm64.Deploy.0 = Debug|arm64
		{3070DA81-C598-4832-AAA2-05E0D88D5960}.Debug|x64.ActiveCfg = Debug|x64
		{3070DA81-C598-4832-AAA2-05E0D88D5960}.Debug|x64.Build.0 = Debug|x64
		{3070DA81-C598-4832-AAA2-05E0D88D5960}.Debug|x64.Deploy.0 = Debug|x64
		{3070DA81-C598-4832-AAA2-05E0D88D5960}.Debug|x86.ActiveCfg = Debug|x86
		{3070DA81-C598-4832-AAA2-05E0D88D5960}.Debug|x86.Build.0 = Debug|x86
		{3070DA81-C598-4832-AAA2-05E0D88D5960}.Debug|x86.Deploy.0 = Debug|x86
		{3070DA81-C598-4832-AAA2-05E0D88D5960}.Release|Any CPU.ActiveCfg = Release|x64
		{3070DA81-C598-4832-AAA2-05E0D88D5960}.Release|Any CPU.Build.0 = Release|x64
		{3070DA81-C598-4832-AAA2-05E0D88D5960}.Release|Any CPU.Deploy.0 = Release|x64
		{3070DA81-C598-4832-AAA2-05E0D88D5960}.Release|arm64.ActiveCfg = Release|arm64
		{3070DA81-C598-4832-AAA2-05E0D88D5960}.Release|arm64.Build.0 = Release|arm64
		{3070DA81-C598-4832-AAA2-05E0D88D5960}.Release|arm64.Deploy.0 = Release|arm64
		{3070DA81-C598-4832-AAA2-05E0D88D5960}.Release|x64.ActiveCfg = Release|x64
		{3070DA81-C598-4832-AAA2-05E0D88D5960}.Release|x64.Build.0 = Release|x64
		{3070DA81-C598-4832-AAA2-05E0D88D5960}.Release|x64.Deploy.0 = Release|x64
		{3070DA81-C598-4832-AAA2-05E0D88D5960}.Release|x86.ActiveCfg = Release|x86
		{3070DA81-C598-4832-AAA2-05E0D88D5960}.Release|x86.Build.0 = Release|x86
		{3070DA81-C598-4832-AAA2-05E0D88D5960}.Release|x86.Deploy.0 = Release|x86
		{03801EA2-5FD5-4DC7-88C0-7949533B243B}.Debug|Any CPU.ActiveCfg = Debug|x64
		{03801EA2-5FD5-4DC7-88C0-7949533B243B}.Debug|Any CPU.Build.0 = Debug|x64
		{03801EA2-5FD5-4DC7-88C0-7949533B243B}.Debug|arm64.ActiveCfg = Debug|arm64
		{03801EA2-5FD5-4DC7-88C0-7949533B243B}.Debug|arm64.Build.0 = Debug|arm64
		{03801EA2-5FD5-4DC7-88C0-7949533B243B}.Debug|x64.ActiveCfg = Debug|x64
		{03801EA2-5FD5-4DC7-88C0-7949533B243B}.Debug|x64.Build.0 = Debug|x64
		{03801EA2-5FD5-4DC7-88C0-7949533B243B}.Debug|x86.ActiveCfg = Debug|x86
		{03801EA2-5FD5-4DC7-88C0-7949533B243B}.Debug|x86.Build.0 = Debug|x86
		{03801EA2-5FD5-4DC7-88C0-7949533B243B}.Release|Any CPU.ActiveCfg = Release|x64
		{03801EA2-5FD5-4DC7-88C0-7949533B243B}.Release|Any CPU.Build.0 = Release|x64
		{03801EA2-5FD5-4DC7-88C0-7949533B243B}.Release|arm64.ActiveCfg = Release|arm64
		{03801EA2-5FD5-4DC7-88C0-7949533B243B}.Release|arm64.Build.0 = Release|arm64
		{03801EA2-5FD5-4DC7-88C0-7949533B243B}.Release|x64.ActiveCfg = Release|x64
		{03801EA2-5FD5-4DC7-88C0-7949533B243B}.Release|x64.Build.0 = Release|x64
		{03801EA2-5FD5-4DC7-88C0-7949533B243B}.Release|x86.ActiveCfg = Release|x86
		{03801EA2-5FD5-4DC7-88C0-7949533B243B}.Release|x86.Build.0 = Release|x86
		{24D1E659-DBE7-48A0-8060-0A91DE7C46A3}.Debug|Any CPU.ActiveCfg = Debug|Any CPU
		{24D1E659-DBE7-48A0-8060-0A91DE7C46A3}.Debug|Any CPU.Build.0 = Debug|Any CPU
		{24D1E659-DBE7-48A0-8060-0A91DE7C46A3}.Debug|arm64.ActiveCfg = Debug|Any CPU
		{24D1E659-DBE7-48A0-8060-0A91DE7C46A3}.Debug|arm64.Build.0 = Debug|Any CPU
		{24D1E659-DBE7-48A0-8060-0A91DE7C46A3}.Debug|x64.ActiveCfg = Debug|Any CPU
		{24D1E659-DBE7-48A0-8060-0A91DE7C46A3}.Debug|x64.Build.0 = Debug|Any CPU
		{24D1E659-DBE7-48A0-8060-0A91DE7C46A3}.Debug|x86.ActiveCfg = Debug|Any CPU
		{24D1E659-DBE7-48A0-8060-0A91DE7C46A3}.Debug|x86.Build.0 = Debug|Any CPU
		{24D1E659-DBE7-48A0-8060-0A91DE7C46A3}.Release|Any CPU.ActiveCfg = Release|Any CPU
		{24D1E659-DBE7-48A0-8060-0A91DE7C46A3}.Release|Any CPU.Build.0 = Release|Any CPU
		{24D1E659-DBE7-48A0-8060-0A91DE7C46A3}.Release|arm64.ActiveCfg = Release|Any CPU
		{24D1E659-DBE7-48A0-8060-0A91DE7C46A3}.Release|arm64.Build.0 = Release|Any CPU
		{24D1E659-DBE7-48A0-8060-0A91DE7C46A3}.Release|x64.ActiveCfg = Release|Any CPU
		{24D1E659-DBE7-48A0-8060-0A91DE7C46A3}.Release|x64.Build.0 = Release|Any CPU
		{24D1E659-DBE7-48A0-8060-0A91DE7C46A3}.Release|x86.ActiveCfg = Release|Any CPU
		{24D1E659-DBE7-48A0-8060-0A91DE7C46A3}.Release|x86.Build.0 = Release|Any CPU
		{0D6A4238-F239-489D-93C1-4646A8E8EDCE}.Debug|Any CPU.ActiveCfg = Debug|Any CPU
		{0D6A4238-F239-489D-93C1-4646A8E8EDCE}.Debug|Any CPU.Build.0 = Debug|Any CPU
		{0D6A4238-F239-489D-93C1-4646A8E8EDCE}.Debug|arm64.ActiveCfg = Debug|Any CPU
		{0D6A4238-F239-489D-93C1-4646A8E8EDCE}.Debug|arm64.Build.0 = Debug|Any CPU
		{0D6A4238-F239-489D-93C1-4646A8E8EDCE}.Debug|x64.ActiveCfg = Debug|Any CPU
		{0D6A4238-F239-489D-93C1-4646A8E8EDCE}.Debug|x64.Build.0 = Debug|Any CPU
		{0D6A4238-F239-489D-93C1-4646A8E8EDCE}.Debug|x86.ActiveCfg = Debug|Any CPU
		{0D6A4238-F239-489D-93C1-4646A8E8EDCE}.Debug|x86.Build.0 = Debug|Any CPU
		{0D6A4238-F239-489D-93C1-4646A8E8EDCE}.Release|Any CPU.ActiveCfg = Release|Any CPU
		{0D6A4238-F239-489D-93C1-4646A8E8EDCE}.Release|Any CPU.Build.0 = Release|Any CPU
		{0D6A4238-F239-489D-93C1-4646A8E8EDCE}.Release|arm64.ActiveCfg = Release|Any CPU
		{0D6A4238-F239-489D-93C1-4646A8E8EDCE}.Release|arm64.Build.0 = Release|Any CPU
		{0D6A4238-F239-489D-93C1-4646A8E8EDCE}.Release|x64.ActiveCfg = Release|Any CPU
		{0D6A4238-F239-489D-93C1-4646A8E8EDCE}.Release|x64.Build.0 = Release|Any CPU
		{0D6A4238-F239-489D-93C1-4646A8E8EDCE}.Release|x86.ActiveCfg = Release|Any CPU
		{0D6A4238-F239-489D-93C1-4646A8E8EDCE}.Release|x86.Build.0 = Release|Any CPU
		{ABAB7815-F7F5-4807-9A4A-925DF74DE4C1}.Debug|Any CPU.ActiveCfg = Debug|Any CPU
		{ABAB7815-F7F5-4807-9A4A-925DF74DE4C1}.Debug|Any CPU.Build.0 = Debug|Any CPU
		{ABAB7815-F7F5-4807-9A4A-925DF74DE4C1}.Debug|arm64.ActiveCfg = Debug|Any CPU
		{ABAB7815-F7F5-4807-9A4A-925DF74DE4C1}.Debug|arm64.Build.0 = Debug|Any CPU
		{ABAB7815-F7F5-4807-9A4A-925DF74DE4C1}.Debug|x64.ActiveCfg = Debug|Any CPU
		{ABAB7815-F7F5-4807-9A4A-925DF74DE4C1}.Debug|x64.Build.0 = Debug|Any CPU
		{ABAB7815-F7F5-4807-9A4A-925DF74DE4C1}.Debug|x86.ActiveCfg = Debug|Any CPU
		{ABAB7815-F7F5-4807-9A4A-925DF74DE4C1}.Debug|x86.Build.0 = Debug|Any CPU
		{ABAB7815-F7F5-4807-9A4A-925DF74DE4C1}.Release|Any CPU.ActiveCfg = Release|Any CPU
		{ABAB7815-F7F5-4807-9A4A-925DF74DE4C1}.Release|Any CPU.Build.0 = Release|Any CPU
		{ABAB7815-F7F5-4807-9A4A-925DF74DE4C1}.Release|arm64.ActiveCfg = Release|Any CPU
		{ABAB7815-F7F5-4807-9A4A-925DF74DE4C1}.Release|arm64.Build.0 = Release|Any CPU
		{ABAB7815-F7F5-4807-9A4A-925DF74DE4C1}.Release|x64.ActiveCfg = Release|Any CPU
		{ABAB7815-F7F5-4807-9A4A-925DF74DE4C1}.Release|x64.Build.0 = Release|Any CPU
		{ABAB7815-F7F5-4807-9A4A-925DF74DE4C1}.Release|x86.ActiveCfg = Release|Any CPU
		{ABAB7815-F7F5-4807-9A4A-925DF74DE4C1}.Release|x86.Build.0 = Release|Any CPU
		{1E34CFB5-6CE9-49A2-A40A-6255011FE309}.Debug|Any CPU.ActiveCfg = Debug|Any CPU
		{1E34CFB5-6CE9-49A2-A40A-6255011FE309}.Debug|Any CPU.Build.0 = Debug|Any CPU
		{1E34CFB5-6CE9-49A2-A40A-6255011FE309}.Debug|arm64.ActiveCfg = Debug|Any CPU
		{1E34CFB5-6CE9-49A2-A40A-6255011FE309}.Debug|arm64.Build.0 = Debug|Any CPU
		{1E34CFB5-6CE9-49A2-A40A-6255011FE309}.Debug|x64.ActiveCfg = Debug|Any CPU
		{1E34CFB5-6CE9-49A2-A40A-6255011FE309}.Debug|x64.Build.0 = Debug|Any CPU
		{1E34CFB5-6CE9-49A2-A40A-6255011FE309}.Debug|x86.ActiveCfg = Debug|Any CPU
		{1E34CFB5-6CE9-49A2-A40A-6255011FE309}.Debug|x86.Build.0 = Debug|Any CPU
		{1E34CFB5-6CE9-49A2-A40A-6255011FE309}.Release|Any CPU.ActiveCfg = Release|Any CPU
		{1E34CFB5-6CE9-49A2-A40A-6255011FE309}.Release|Any CPU.Build.0 = Release|Any CPU
		{1E34CFB5-6CE9-49A2-A40A-6255011FE309}.Release|arm64.ActiveCfg = Release|Any CPU
		{1E34CFB5-6CE9-49A2-A40A-6255011FE309}.Release|arm64.Build.0 = Release|Any CPU
		{1E34CFB5-6CE9-49A2-A40A-6255011FE309}.Release|x64.ActiveCfg = Release|Any CPU
		{1E34CFB5-6CE9-49A2-A40A-6255011FE309}.Release|x64.Build.0 = Release|Any CPU
		{1E34CFB5-6CE9-49A2-A40A-6255011FE309}.Release|x86.ActiveCfg = Release|Any CPU
		{1E34CFB5-6CE9-49A2-A40A-6255011FE309}.Release|x86.Build.0 = Release|Any CPU
		{56302291-9CF3-47DB-BDFC-154AE87415E8}.Debug|Any CPU.ActiveCfg = Debug|Any CPU
		{56302291-9CF3-47DB-BDFC-154AE87415E8}.Debug|Any CPU.Build.0 = Debug|Any CPU
		{56302291-9CF3-47DB-BDFC-154AE87415E8}.Debug|arm64.ActiveCfg = Debug|Any CPU
		{56302291-9CF3-47DB-BDFC-154AE87415E8}.Debug|arm64.Build.0 = Debug|Any CPU
		{56302291-9CF3-47DB-BDFC-154AE87415E8}.Debug|x64.ActiveCfg = Debug|Any CPU
		{56302291-9CF3-47DB-BDFC-154AE87415E8}.Debug|x64.Build.0 = Debug|Any CPU
		{56302291-9CF3-47DB-BDFC-154AE87415E8}.Debug|x86.ActiveCfg = Debug|Any CPU
		{56302291-9CF3-47DB-BDFC-154AE87415E8}.Debug|x86.Build.0 = Debug|Any CPU
		{56302291-9CF3-47DB-BDFC-154AE87415E8}.Release|Any CPU.ActiveCfg = Release|Any CPU
		{56302291-9CF3-47DB-BDFC-154AE87415E8}.Release|Any CPU.Build.0 = Release|Any CPU
		{56302291-9CF3-47DB-BDFC-154AE87415E8}.Release|arm64.ActiveCfg = Release|Any CPU
		{56302291-9CF3-47DB-BDFC-154AE87415E8}.Release|arm64.Build.0 = Release|Any CPU
		{56302291-9CF3-47DB-BDFC-154AE87415E8}.Release|x64.ActiveCfg = Release|Any CPU
		{56302291-9CF3-47DB-BDFC-154AE87415E8}.Release|x64.Build.0 = Release|Any CPU
		{56302291-9CF3-47DB-BDFC-154AE87415E8}.Release|x86.ActiveCfg = Release|Any CPU
		{56302291-9CF3-47DB-BDFC-154AE87415E8}.Release|x86.Build.0 = Release|Any CPU
		{69969914-A00B-4A7C-887A-59D7FCA2FF9D}.Debug|Any CPU.ActiveCfg = Debug|Any CPU
		{69969914-A00B-4A7C-887A-59D7FCA2FF9D}.Debug|Any CPU.Build.0 = Debug|Any CPU
		{69969914-A00B-4A7C-887A-59D7FCA2FF9D}.Debug|arm64.ActiveCfg = Debug|Any CPU
		{69969914-A00B-4A7C-887A-59D7FCA2FF9D}.Debug|arm64.Build.0 = Debug|Any CPU
		{69969914-A00B-4A7C-887A-59D7FCA2FF9D}.Debug|x64.ActiveCfg = Debug|Any CPU
		{69969914-A00B-4A7C-887A-59D7FCA2FF9D}.Debug|x64.Build.0 = Debug|Any CPU
		{69969914-A00B-4A7C-887A-59D7FCA2FF9D}.Debug|x86.ActiveCfg = Debug|Any CPU
		{69969914-A00B-4A7C-887A-59D7FCA2FF9D}.Debug|x86.Build.0 = Debug|Any CPU
		{69969914-A00B-4A7C-887A-59D7FCA2FF9D}.Release|Any CPU.ActiveCfg = Release|Any CPU
		{69969914-A00B-4A7C-887A-59D7FCA2FF9D}.Release|Any CPU.Build.0 = Release|Any CPU
		{69969914-A00B-4A7C-887A-59D7FCA2FF9D}.Release|arm64.ActiveCfg = Release|Any CPU
		{69969914-A00B-4A7C-887A-59D7FCA2FF9D}.Release|arm64.Build.0 = Release|Any CPU
		{69969914-A00B-4A7C-887A-59D7FCA2FF9D}.Release|x64.ActiveCfg = Release|Any CPU
		{69969914-A00B-4A7C-887A-59D7FCA2FF9D}.Release|x64.Build.0 = Release|Any CPU
		{69969914-A00B-4A7C-887A-59D7FCA2FF9D}.Release|x86.ActiveCfg = Release|Any CPU
		{69969914-A00B-4A7C-887A-59D7FCA2FF9D}.Release|x86.Build.0 = Release|Any CPU
		{AE7AA08B-0018-4FD4-B1D1-52D51406DA35}.Debug|Any CPU.ActiveCfg = Debug|Any CPU
		{AE7AA08B-0018-4FD4-B1D1-52D51406DA35}.Debug|Any CPU.Build.0 = Debug|Any CPU
		{AE7AA08B-0018-4FD4-B1D1-52D51406DA35}.Debug|arm64.ActiveCfg = Debug|Any CPU
		{AE7AA08B-0018-4FD4-B1D1-52D51406DA35}.Debug|arm64.Build.0 = Debug|Any CPU
		{AE7AA08B-0018-4FD4-B1D1-52D51406DA35}.Debug|x64.ActiveCfg = Debug|Any CPU
		{AE7AA08B-0018-4FD4-B1D1-52D51406DA35}.Debug|x64.Build.0 = Debug|Any CPU
		{AE7AA08B-0018-4FD4-B1D1-52D51406DA35}.Debug|x86.ActiveCfg = Debug|Any CPU
		{AE7AA08B-0018-4FD4-B1D1-52D51406DA35}.Debug|x86.Build.0 = Debug|Any CPU
		{AE7AA08B-0018-4FD4-B1D1-52D51406DA35}.Release|Any CPU.ActiveCfg = Release|Any CPU
		{AE7AA08B-0018-4FD4-B1D1-52D51406DA35}.Release|Any CPU.Build.0 = Release|Any CPU
		{AE7AA08B-0018-4FD4-B1D1-52D51406DA35}.Release|arm64.ActiveCfg = Release|Any CPU
		{AE7AA08B-0018-4FD4-B1D1-52D51406DA35}.Release|arm64.Build.0 = Release|Any CPU
		{AE7AA08B-0018-4FD4-B1D1-52D51406DA35}.Release|x64.ActiveCfg = Release|Any CPU
		{AE7AA08B-0018-4FD4-B1D1-52D51406DA35}.Release|x64.Build.0 = Release|Any CPU
		{AE7AA08B-0018-4FD4-B1D1-52D51406DA35}.Release|x86.ActiveCfg = Release|Any CPU
		{AE7AA08B-0018-4FD4-B1D1-52D51406DA35}.Release|x86.Build.0 = Release|Any CPU
		{AB554221-F686-45C2-A1ED-F46EB99A0937}.Debug|Any CPU.ActiveCfg = Debug|Any CPU
		{AB554221-F686-45C2-A1ED-F46EB99A0937}.Debug|Any CPU.Build.0 = Debug|Any CPU
		{AB554221-F686-45C2-A1ED-F46EB99A0937}.Debug|arm64.ActiveCfg = Debug|Any CPU
		{AB554221-F686-45C2-A1ED-F46EB99A0937}.Debug|arm64.Build.0 = Debug|Any CPU
		{AB554221-F686-45C2-A1ED-F46EB99A0937}.Debug|x64.ActiveCfg = Debug|Any CPU
		{AB554221-F686-45C2-A1ED-F46EB99A0937}.Debug|x64.Build.0 = Debug|Any CPU
		{AB554221-F686-45C2-A1ED-F46EB99A0937}.Debug|x86.ActiveCfg = Debug|Any CPU
		{AB554221-F686-45C2-A1ED-F46EB99A0937}.Debug|x86.Build.0 = Debug|Any CPU
		{AB554221-F686-45C2-A1ED-F46EB99A0937}.Release|Any CPU.ActiveCfg = Release|Any CPU
		{AB554221-F686-45C2-A1ED-F46EB99A0937}.Release|Any CPU.Build.0 = Release|Any CPU
		{AB554221-F686-45C2-A1ED-F46EB99A0937}.Release|arm64.ActiveCfg = Release|Any CPU
		{AB554221-F686-45C2-A1ED-F46EB99A0937}.Release|arm64.Build.0 = Release|Any CPU
		{AB554221-F686-45C2-A1ED-F46EB99A0937}.Release|x64.ActiveCfg = Release|Any CPU
		{AB554221-F686-45C2-A1ED-F46EB99A0937}.Release|x64.Build.0 = Release|Any CPU
		{AB554221-F686-45C2-A1ED-F46EB99A0937}.Release|x86.ActiveCfg = Release|Any CPU
		{AB554221-F686-45C2-A1ED-F46EB99A0937}.Release|x86.Build.0 = Release|Any CPU
	EndGlobalSection
	GlobalSection(SolutionProperties) = preSolution
		HideSolutionNode = FALSE
	EndGlobalSection
	GlobalSection(ExtensibilityGlobals) = postSolution
		SolutionGuid = {F422DECE-54C5-48B5-B190-1600B4A427B5}
	EndGlobalSection
EndGlobal
