
Microsoft Visual Studio Solution File, Format Version 12.00
# Visual Studio Version 17
VisualStudioVersion = 17.0.32014.148
MinimumVisualStudioVersion = 10.0.40219.1
Project("{C7167F0D-BC9F-4E6E-AFE1-012C56B48DB5}") = "OnionMedia (Package)", "OnionMedia\OnionMedia (Package)\OnionMedia (Package).wapproj", "{3070DA81-C598-4832-AAA2-05E0D88D5960}"
EndProject
Project("{9A19103F-16F7-4668-BE54-9A1E7A4F7556}") = "OnionMedia", "OnionMedia\OnionMedia\OnionMedia.csproj", "{03801EA2-5FD5-4DC7-88C0-7949533B243B}"
EndProject
Project("{9A19103F-16F7-4668-BE54-9A1E7A4F7556}") = "OnionMedia.Core", "OnionMedia\OnionMedia.Core\OnionMedia.Core.csproj", "{24D1E659-DBE7-48A0-8060-0A91DE7C46A3}"
EndProject
Project("{D954291E-2A0B-460D-934E-DC6B0785DB48}") = "OnionMedia.Uno.Shared", "OnionMedia.Uno\OnionMedia.Uno.Shared\OnionMedia.Uno.Shared.shproj", "{6279C845-92F8-4333-AB99-3D213163593C}"
EndProject
Project("{2150E333-8FDC-42A3-9474-1A3956D46DE8}") = "Platforms", "Platforms", "{29FEB7FE-03BB-4827-9163-69C29708FE7E}"
EndProject
Project("{9A19103F-16F7-4668-BE54-9A1E7A4F7556}") = "OnionMedia.Uno.Mobile", "OnionMedia.Uno\OnionMedia.Uno.Mobile\OnionMedia.Uno.Mobile.csproj", "{BE394691-822A-4FA1-A5FE-E98768CAF7AF}"
EndProject
Project("{9A19103F-16F7-4668-BE54-9A1E7A4F7556}") = "OnionMedia.Uno.Skia.Gtk", "OnionMedia.Uno\OnionMedia.Uno.Skia.Gtk\OnionMedia.Uno.Skia.Gtk.csproj", "{9667D83A-F0EA-4CC0-B018-F47E9C648504}"
EndProject
Project("{9A19103F-16F7-4668-BE54-9A1E7A4F7556}") = "OnionMedia.Uno.Windows", "OnionMedia.Uno\OnionMedia.Uno.Windows\OnionMedia.Uno.Windows.csproj", "{FFE4FF9D-603D-4EE6-AA64-04B6360B5DB8}"
EndProject
Project("{9A19103F-16F7-4668-BE54-9A1E7A4F7556}") = "YoutubeDLSharp", "YoutubeDLSharp-master\YoutubeDLSharp\YoutubeDLSharp.csproj", "{0D6A4238-F239-489D-93C1-4646A8E8EDCE}"
EndProject
Project("{9A19103F-16F7-4668-BE54-9A1E7A4F7556}") = "OnionMedia.Uno.Wasm", "OnionMedia.Uno\OnionMedia.Uno.Wasm\OnionMedia.Uno.Wasm.csproj", "{B4807893-69D3-4266-9BA6-636D7D75DF4C}"
EndProject
Project("{9A19103F-16F7-4668-BE54-9A1E7A4F7556}") = "OnionMedia.Uno.Skia.Wpf", "OnionMedia.Uno\OnionMedia.Uno.Skia.Wpf\OnionMedia.Uno.Skia.Wpf.csproj", "{84284E68-4D68-4900-B932-50E4990DD575}"
EndProject
Project("{FAE04EC0-301F-11D3-BF4B-00C04F79EFBC}") = "OnionMedia.Avalonia", "OnionMedia.Avalonia\OnionMedia.Avalonia.csproj", "{ABAB7815-F7F5-4807-9A4A-925DF74DE4C1}"
EndProject
Project("{FAE04EC0-301F-11D3-BF4B-00C04F79EFBC}") = "RangeSlider.Avalonia", "Avalonia.RangeSlider-avalonia11\RangeSlider.Avalonia\RangeSlider.Avalonia.csproj", "{1E34CFB5-6CE9-49A2-A40A-6255011FE309}"
EndProject
Project("{FAE04EC0-301F-11D3-BF4B-00C04F79EFBC}") = "FluentAvalonia.ProgressRing", "FluentAvalonia.ProgressRing\FluentAvalonia.ProgressRing\FluentAvalonia.ProgressRing.csproj", "{56302291-9CF3-47DB-BDFC-154AE87415E8}"
EndProject
Global
	GlobalSection(SolutionConfigurationPlatforms) = preSolution
		Debug|Any CPU = Debug|Any CPU
		Debug|arm64 = Debug|arm64
		Debug|x64 = Debug|x64
		Debug|x86 = Debug|x86
		Release|Any CPU = Release|Any CPU
		Release|arm64 = Release|arm64
		Release|x64 = Release|x64
		Release|x86 = Release|x86
	EndGlobalSection
	GlobalSection(ProjectConfigurationPlatforms) = postSolution
		{3070DA81-C598-4832-AAA2-05E0D88D5960}.Debug|Any CPU.ActiveCfg = Debug|x64
		{3070DA81-C598-4832-AAA2-05E0D88D5960}.Debug|Any CPU.Build.0 = Debug|x64
		{3070DA81-C598-4832-AAA2-05E0D88D5960}.Debug|Any CPU.Deploy.0 = Debug|x64
		{3070DA81-C598-4832-AAA2-05E0D88D5960}.Debug|arm64.ActiveCfg = Debug|arm64
		{3070DA81-C598-4832-AAA2-05E0D88D5960}.Debug|arm64.Build.0 = Debug|arm64
		{3070DA81-C598-4832-AAA2-05E0D88D5960}.Debug|arm64.Deploy.0 = Debug|arm64
		{3070DA81-C598-4832-AAA2-05E0D88D5960}.Debug|x64.ActiveCfg = Debug|x64
		{3070DA81-C598-4832-AAA2-05E0D88D5960}.Debug|x64.Build.0 = Debug|x64
		{3070DA81-C598-4832-AAA2-05E0D88D5960}.Debug|x64.Deploy.0 = Debug|x64
		{3070DA81-C598-4832-AAA2-05E0D88D5960}.Debug|x86.ActiveCfg = Debug|x86
		{3070DA81-C598-4832-AAA2-05E0D88D5960}.Debug|x86.Build.0 = Debug|x86
		{3070DA81-C598-4832-AAA2-05E0D88D5960}.Debug|x86.Deploy.0 = Debug|x86
		{3070DA81-C598-4832-AAA2-05E0D88D5960}.Release|Any CPU.ActiveCfg = Release|x64
		{3070DA81-C598-4832-AAA2-05E0D88D5960}.Release|Any CPU.Build.0 = Release|x64
		{3070DA81-C598-4832-AAA2-05E0D88D5960}.Release|Any CPU.Deploy.0 = Release|x64
		{3070DA81-C598-4832-AAA2-05E0D88D5960}.Release|arm64.ActiveCfg = Release|arm64
		{3070DA81-C598-4832-AAA2-05E0D88D5960}.Release|arm64.Build.0 = Release|arm64
		{3070DA81-C598-4832-AAA2-05E0D88D5960}.Release|arm64.Deploy.0 = Release|arm64
		{3070DA81-C598-4832-AAA2-05E0D88D5960}.Release|x64.ActiveCfg = Release|x64
		{3070DA81-C598-4832-AAA2-05E0D88D5960}.Release|x64.Build.0 = Release|x64
		{3070DA81-C598-4832-AAA2-05E0D88D5960}.Release|x64.Deploy.0 = Release|x64
		{3070DA81-C598-4832-AAA2-05E0D88D5960}.Release|x86.ActiveCfg = Release|x86
		{3070DA81-C598-4832-AAA2-05E0D88D5960}.Release|x86.Build.0 = Release|x86
		{3070DA81-C598-4832-AAA2-05E0D88D5960}.Release|x86.Deploy.0 = Release|x86
		{03801EA2-5FD5-4DC7-88C0-7949533B243B}.Debug|Any CPU.ActiveCfg = Debug|x64
		{03801EA2-5FD5-4DC7-88C0-7949533B243B}.Debug|Any CPU.Build.0 = Debug|x64
		{03801EA2-5FD5-4DC7-88C0-7949533B243B}.Debug|arm64.ActiveCfg = Debug|arm64
		{03801EA2-5FD5-4DC7-88C0-7949533B243B}.Debug|arm64.Build.0 = Debug|arm64
		{03801EA2-5FD5-4DC7-88C0-7949533B243B}.Debug|x64.ActiveCfg = Debug|x64
		{03801EA2-5FD5-4DC7-88C0-7949533B243B}.Debug|x64.Build.0 = Debug|x64
		{03801EA2-5FD5-4DC7-88C0-7949533B243B}.Debug|x86.ActiveCfg = Debug|x86
		{03801EA2-5FD5-4DC7-88C0-7949533B243B}.Debug|x86.Build.0 = Debug|x86
		{03801EA2-5FD5-4DC7-88C0-7949533B243B}.Release|Any CPU.ActiveCfg = Release|x64
		{03801EA2-5FD5-4DC7-88C0-7949533B243B}.Release|Any CPU.Build.0 = Release|x64
		{03801EA2-5FD5-4DC7-88C0-7949533B243B}.Release|arm64.ActiveCfg = Release|arm64
		{03801EA2-5FD5-4DC7-88C0-7949533B243B}.Release|arm64.Build.0 = Release|arm64
		{03801EA2-5FD5-4DC7-88C0-7949533B243B}.Release|x64.ActiveCfg = Release|x64
		{03801EA2-5FD5-4DC7-88C0-7949533B243B}.Release|x64.Build.0 = Release|x64
		{03801EA2-5FD5-4DC7-88C0-7949533B243B}.Release|x86.ActiveCfg = Release|x86
		{03801EA2-5FD5-4DC7-88C0-7949533B243B}.Release|x86.Build.0 = Release|x86
		{24D1E659-DBE7-48A0-8060-0A91DE7C46A3}.Debug|Any CPU.ActiveCfg = Debug|Any CPU
		{24D1E659-DBE7-48A0-8060-0A91DE7C46A3}.Debug|Any CPU.Build.0 = Debug|Any CPU
		{24D1E659-DBE7-48A0-8060-0A91DE7C46A3}.Debug|arm64.ActiveCfg = Debug|Any CPU
		{24D1E659-DBE7-48A0-8060-0A91DE7C46A3}.Debug|arm64.Build.0 = Debug|Any CPU
		{24D1E659-DBE7-48A0-8060-0A91DE7C46A3}.Debug|x64.ActiveCfg = Debug|Any CPU
		{24D1E659-DBE7-48A0-8060-0A91DE7C46A3}.Debug|x64.Build.0 = Debug|Any CPU
		{24D1E659-DBE7-48A0-8060-0A91DE7C46A3}.Debug|x86.ActiveCfg = Debug|Any CPU
		{24D1E659-DBE7-48A0-8060-0A91DE7C46A3}.Debug|x86.Build.0 = Debug|Any CPU
		{24D1E659-DBE7-48A0-8060-0A91DE7C46A3}.Release|Any CPU.ActiveCfg = Release|Any CPU
		{24D1E659-DBE7-48A0-8060-0A91DE7C46A3}.Release|Any CPU.Build.0 = Release|Any CPU
		{24D1E659-DBE7-48A0-8060-0A91DE7C46A3}.Release|arm64.ActiveCfg = Release|Any CPU
		{24D1E659-DBE7-48A0-8060-0A91DE7C46A3}.Release|arm64.Build.0 = Release|Any CPU
		{24D1E659-DBE7-48A0-8060-0A91DE7C46A3}.Release|x64.ActiveCfg = Release|Any CPU
		{24D1E659-DBE7-48A0-8060-0A91DE7C46A3}.Release|x64.Build.0 = Release|Any CPU
		{24D1E659-DBE7-48A0-8060-0A91DE7C46A3}.Release|x86.ActiveCfg = Release|Any CPU
		{24D1E659-DBE7-48A0-8060-0A91DE7C46A3}.Release|x86.Build.0 = Release|Any CPU
		{BE394691-822A-4FA1-A5FE-E98768CAF7AF}.Debug|Any CPU.ActiveCfg = Debug|Any CPU
		{BE394691-822A-4FA1-A5FE-E98768CAF7AF}.Debug|Any CPU.Build.0 = Debug|Any CPU
		{BE394691-822A-4FA1-A5FE-E98768CAF7AF}.Debug|Any CPU.Deploy.0 = Debug|Any CPU
		{BE394691-822A-4FA1-A5FE-E98768CAF7AF}.Debug|arm64.ActiveCfg = Debug|Any CPU
		{BE394691-822A-4FA1-A5FE-E98768CAF7AF}.Debug|arm64.Build.0 = Debug|Any CPU
		{BE394691-822A-4FA1-A5FE-E98768CAF7AF}.Debug|x64.ActiveCfg = Debug|Any CPU
		{BE394691-822A-4FA1-A5FE-E98768CAF7AF}.Debug|x64.Build.0 = Debug|Any CPU
		{BE394691-822A-4FA1-A5FE-E98768CAF7AF}.Debug|x86.ActiveCfg = Debug|Any CPU
		{BE394691-822A-4FA1-A5FE-E98768CAF7AF}.Debug|x86.Build.0 = Debug|Any CPU
		{BE394691-822A-4FA1-A5FE-E98768CAF7AF}.Release|Any CPU.ActiveCfg = Release|Any CPU
		{BE394691-822A-4FA1-A5FE-E98768CAF7AF}.Release|Any CPU.Build.0 = Release|Any CPU
		{BE394691-822A-4FA1-A5FE-E98768CAF7AF}.Release|Any CPU.Deploy.0 = Release|Any CPU
		{BE394691-822A-4FA1-A5FE-E98768CAF7AF}.Release|arm64.ActiveCfg = Release|Any CPU
		{BE394691-822A-4FA1-A5FE-E98768CAF7AF}.Release|arm64.Build.0 = Release|Any CPU
		{BE394691-822A-4FA1-A5FE-E98768CAF7AF}.Release|x64.ActiveCfg = Release|Any CPU
		{BE394691-822A-4FA1-A5FE-E98768CAF7AF}.Release|x64.Build.0 = Release|Any CPU
		{BE394691-822A-4FA1-A5FE-E98768CAF7AF}.Release|x86.ActiveCfg = Release|Any CPU
		{BE394691-822A-4FA1-A5FE-E98768CAF7AF}.Release|x86.Build.0 = Release|Any CPU
		{9667D83A-F0EA-4CC0-B018-F47E9C648504}.Debug|Any CPU.ActiveCfg = Debug|Any CPU
		{9667D83A-F0EA-4CC0-B018-F47E9C648504}.Debug|Any CPU.Build.0 = Debug|Any CPU
		{9667D83A-F0EA-4CC0-B018-F47E9C648504}.Debug|arm64.ActiveCfg = Debug|Any CPU
		{9667D83A-F0EA-4CC0-B018-F47E9C648504}.Debug|arm64.Build.0 = Debug|Any CPU
		{9667D83A-F0EA-4CC0-B018-F47E9C648504}.Debug|x64.ActiveCfg = Debug|Any CPU
		{9667D83A-F0EA-4CC0-B018-F47E9C648504}.Debug|x64.Build.0 = Debug|Any CPU
		{9667D83A-F0EA-4CC0-B018-F47E9C648504}.Debug|x86.ActiveCfg = Debug|Any CPU
		{9667D83A-F0EA-4CC0-B018-F47E9C648504}.Debug|x86.Build.0 = Debug|Any CPU
		{9667D83A-F0EA-4CC0-B018-F47E9C648504}.Release|Any CPU.ActiveCfg = Release|Any CPU
		{9667D83A-F0EA-4CC0-B018-F47E9C648504}.Release|Any CPU.Build.0 = Release|Any CPU
		{9667D83A-F0EA-4CC0-B018-F47E9C648504}.Release|arm64.ActiveCfg = Release|Any CPU
		{9667D83A-F0EA-4CC0-B018-F47E9C648504}.Release|arm64.Build.0 = Release|Any CPU
		{9667D83A-F0EA-4CC0-B018-F47E9C648504}.Release|x64.ActiveCfg = Release|Any CPU
		{9667D83A-F0EA-4CC0-B018-F47E9C648504}.Release|x64.Build.0 = Release|Any CPU
		{9667D83A-F0EA-4CC0-B018-F47E9C648504}.Release|x86.ActiveCfg = Release|Any CPU
		{9667D83A-F0EA-4CC0-B018-F47E9C648504}.Release|x86.Build.0 = Release|Any CPU
		{FFE4FF9D-603D-4EE6-AA64-04B6360B5DB8}.Debug|Any CPU.ActiveCfg = Debug|x64
		{FFE4FF9D-603D-4EE6-AA64-04B6360B5DB8}.Debug|Any CPU.Build.0 = Debug|x64
		{FFE4FF9D-603D-4EE6-AA64-04B6360B5DB8}.Debug|Any CPU.Deploy.0 = Debug|x64
		{FFE4FF9D-603D-4EE6-AA64-04B6360B5DB8}.Debug|arm64.ActiveCfg = Debug|arm64
		{FFE4FF9D-603D-4EE6-AA64-04B6360B5DB8}.Debug|arm64.Build.0 = Debug|arm64
		{FFE4FF9D-603D-4EE6-AA64-04B6360B5DB8}.Debug|arm64.Deploy.0 = Debug|arm64
		{FFE4FF9D-603D-4EE6-AA64-04B6360B5DB8}.Debug|x64.ActiveCfg = Debug|x64
		{FFE4FF9D-603D-4EE6-AA64-04B6360B5DB8}.Debug|x64.Build.0 = Debug|x64
		{FFE4FF9D-603D-4EE6-AA64-04B6360B5DB8}.Debug|x64.Deploy.0 = Debug|x64
		{FFE4FF9D-603D-4EE6-AA64-04B6360B5DB8}.Debug|x86.ActiveCfg = Debug|x86
		{FFE4FF9D-603D-4EE6-AA64-04B6360B5DB8}.Debug|x86.Build.0 = Debug|x86
		{FFE4FF9D-603D-4EE6-AA64-04B6360B5DB8}.Debug|x86.Deploy.0 = Debug|x86
		{FFE4FF9D-603D-4EE6-AA64-04B6360B5DB8}.Release|Any CPU.ActiveCfg = Release|x64
		{FFE4FF9D-603D-4EE6-AA64-04B6360B5DB8}.Release|Any CPU.Build.0 = Release|x64
		{FFE4FF9D-603D-4EE6-AA64-04B6360B5DB8}.Release|Any CPU.Deploy.0 = Release|x64
		{FFE4FF9D-603D-4EE6-AA64-04B6360B5DB8}.Release|arm64.ActiveCfg = Release|arm64
		{FFE4FF9D-603D-4EE6-AA64-04B6360B5DB8}.Release|arm64.Build.0 = Release|arm64
		{FFE4FF9D-603D-4EE6-AA64-04B6360B5DB8}.Release|arm64.Deploy.0 = Release|arm64
		{FFE4FF9D-603D-4EE6-AA64-04B6360B5DB8}.Release|x64.ActiveCfg = Release|x64
		{FFE4FF9D-603D-4EE6-AA64-04B6360B5DB8}.Release|x64.Build.0 = Release|x64
		{FFE4FF9D-603D-4EE6-AA64-04B6360B5DB8}.Release|x64.Deploy.0 = Release|x64
		{FFE4FF9D-603D-4EE6-AA64-04B6360B5DB8}.Release|x86.ActiveCfg = Release|x86
		{FFE4FF9D-603D-4EE6-AA64-04B6360B5DB8}.Release|x86.Build.0 = Release|x86
		{FFE4FF9D-603D-4EE6-AA64-04B6360B5DB8}.Release|x86.Deploy.0 = Release|x86
		{0D6A4238-F239-489D-93C1-4646A8E8EDCE}.Debug|Any CPU.ActiveCfg = Debug|Any CPU
		{0D6A4238-F239-489D-93C1-4646A8E8EDCE}.Debug|Any CPU.Build.0 = Debug|Any CPU
		{0D6A4238-F239-489D-93C1-4646A8E8EDCE}.Debug|arm64.ActiveCfg = Debug|Any CPU
		{0D6A4238-F239-489D-93C1-4646A8E8EDCE}.Debug|arm64.Build.0 = Debug|Any CPU
		{0D6A4238-F239-489D-93C1-4646A8E8EDCE}.Debug|x64.ActiveCfg = Debug|Any CPU
		{0D6A4238-F239-489D-93C1-4646A8E8EDCE}.Debug|x64.Build.0 = Debug|Any CPU
		{0D6A4238-F239-489D-93C1-4646A8E8EDCE}.Debug|x86.ActiveCfg = Debug|Any CPU
		{0D6A4238-F239-489D-93C1-4646A8E8EDCE}.Debug|x86.Build.0 = Debug|Any CPU
		{0D6A4238-F239-489D-93C1-4646A8E8EDCE}.Release|Any CPU.ActiveCfg = Release|Any CPU
		{0D6A4238-F239-489D-93C1-4646A8E8EDCE}.Release|Any CPU.Build.0 = Release|Any CPU
		{0D6A4238-F239-489D-93C1-4646A8E8EDCE}.Release|arm64.ActiveCfg = Release|Any CPU
		{0D6A4238-F239-489D-93C1-4646A8E8EDCE}.Release|arm64.Build.0 = Release|Any CPU
		{0D6A4238-F239-489D-93C1-4646A8E8EDCE}.Release|x64.ActiveCfg = Release|Any CPU
		{0D6A4238-F239-489D-93C1-4646A8E8EDCE}.Release|x64.Build.0 = Release|Any CPU
		{0D6A4238-F239-489D-93C1-4646A8E8EDCE}.Release|x86.ActiveCfg = Release|Any CPU
		{0D6A4238-F239-489D-93C1-4646A8E8EDCE}.Release|x86.Build.0 = Release|Any CPU
		{B4807893-69D3-4266-9BA6-636D7D75DF4C}.Debug|Any CPU.ActiveCfg = Debug|Any CPU
		{B4807893-69D3-4266-9BA6-636D7D75DF4C}.Debug|Any CPU.Build.0 = Debug|Any CPU
		{B4807893-69D3-4266-9BA6-636D7D75DF4C}.Debug|arm64.ActiveCfg = Debug|Any CPU
		{B4807893-69D3-4266-9BA6-636D7D75DF4C}.Debug|arm64.Build.0 = Debug|Any CPU
		{B4807893-69D3-4266-9BA6-636D7D75DF4C}.Debug|x64.ActiveCfg = Debug|Any CPU
		{B4807893-69D3-4266-9BA6-636D7D75DF4C}.Debug|x64.Build.0 = Debug|Any CPU
		{B4807893-69D3-4266-9BA6-636D7D75DF4C}.Debug|x86.ActiveCfg = Debug|Any CPU
		{B4807893-69D3-4266-9BA6-636D7D75DF4C}.Debug|x86.Build.0 = Debug|Any CPU
		{B4807893-69D3-4266-9BA6-636D7D75DF4C}.Release|Any CPU.ActiveCfg = Release|Any CPU
		{B4807893-69D3-4266-9BA6-636D7D75DF4C}.Release|Any CPU.Build.0 = Release|Any CPU
		{B4807893-69D3-4266-9BA6-636D7D75DF4C}.Release|arm64.ActiveCfg = Release|Any CPU
		{B4807893-69D3-4266-9BA6-636D7D75DF4C}.Release|arm64.Build.0 = Release|Any CPU
		{B4807893-69D3-4266-9BA6-636D7D75DF4C}.Release|x64.ActiveCfg = Release|Any CPU
		{B4807893-69D3-4266-9BA6-636D7D75DF4C}.Release|x64.Build.0 = Release|Any CPU
		{B4807893-69D3-4266-9BA6-636D7D75DF4C}.Release|x86.ActiveCfg = Release|Any CPU
		{B4807893-69D3-4266-9BA6-636D7D75DF4C}.Release|x86.Build.0 = Release|Any CPU
		{84284E68-4D68-4900-B932-50E4990DD575}.Debug|Any CPU.ActiveCfg = Debug|Any CPU
		{84284E68-4D68-4900-B932-50E4990DD575}.Debug|Any CPU.Build.0 = Debug|Any CPU
		{84284E68-4D68-4900-B932-50E4990DD575}.Debug|arm64.ActiveCfg = Debug|Any CPU
		{84284E68-4D68-4900-B932-50E4990DD575}.Debug|arm64.Build.0 = Debug|Any CPU
		{84284E68-4D68-4900-B932-50E4990DD575}.Debug|x64.ActiveCfg = Debug|Any CPU
		{84284E68-4D68-4900-B932-50E4990DD575}.Debug|x64.Build.0 = Debug|Any CPU
		{84284E68-4D68-4900-B932-50E4990DD575}.Debug|x86.ActiveCfg = Debug|Any CPU
		{84284E68-4D68-4900-B932-50E4990DD575}.Debug|x86.Build.0 = Debug|Any CPU
		{84284E68-4D68-4900-B932-50E4990DD575}.Release|Any CPU.ActiveCfg = Release|Any CPU
		{84284E68-4D68-4900-B932-50E4990DD575}.Release|Any CPU.Build.0 = Release|Any CPU
		{84284E68-4D68-4900-B932-50E4990DD575}.Release|arm64.ActiveCfg = Release|Any CPU
		{84284E68-4D68-4900-B932-50E4990DD575}.Release|arm64.Build.0 = Release|Any CPU
		{84284E68-4D68-4900-B932-50E4990DD575}.Release|x64.ActiveCfg = Release|Any CPU
		{84284E68-4D68-4900-B932-50E4990DD575}.Release|x64.Build.0 = Release|Any CPU
		{84284E68-4D68-4900-B932-50E4990DD575}.Release|x86.ActiveCfg = Release|Any CPU
		{84284E68-4D68-4900-B932-50E4990DD575}.Release|x86.Build.0 = Release|Any CPU
		{ABAB7815-F7F5-4807-9A4A-925DF74DE4C1}.Debug|Any CPU.ActiveCfg = Debug|Any CPU
		{ABAB7815-F7F5-4807-9A4A-925DF74DE4C1}.Debug|Any CPU.Build.0 = Debug|Any CPU
		{ABAB7815-F7F5-4807-9A4A-925DF74DE4C1}.Debug|arm64.ActiveCfg = Debug|Any CPU
		{ABAB7815-F7F5-4807-9A4A-925DF74DE4C1}.Debug|arm64.Build.0 = Debug|Any CPU
		{ABAB7815-F7F5-4807-9A4A-925DF74DE4C1}.Debug|x64.ActiveCfg = Debug|Any CPU
		{ABAB7815-F7F5-4807-9A4A-925DF74DE4C1}.Debug|x64.Build.0 = Debug|Any CPU
		{ABAB7815-F7F5-4807-9A4A-925DF74DE4C1}.Debug|x86.ActiveCfg = Debug|Any CPU
		{ABAB7815-F7F5-4807-9A4A-925DF74DE4C1}.Debug|x86.Build.0 = Debug|Any CPU
		{ABAB7815-F7F5-4807-9A4A-925DF74DE4C1}.Release|Any CPU.ActiveCfg = Release|Any CPU
		{ABAB7815-F7F5-4807-9A4A-925DF74DE4C1}.Release|Any CPU.Build.0 = Release|Any CPU
		{ABAB7815-F7F5-4807-9A4A-925DF74DE4C1}.Release|arm64.ActiveCfg = Release|Any CPU
		{ABAB7815-F7F5-4807-9A4A-925DF74DE4C1}.Release|arm64.Build.0 = Release|Any CPU
		{ABAB7815-F7F5-4807-9A4A-925DF74DE4C1}.Release|x64.ActiveCfg = Release|Any CPU
		{ABAB7815-F7F5-4807-9A4A-925DF74DE4C1}.Release|x64.Build.0 = Release|Any CPU
		{ABAB7815-F7F5-4807-9A4A-925DF74DE4C1}.Release|x86.ActiveCfg = Release|Any CPU
		{ABAB7815-F7F5-4807-9A4A-925DF74DE4C1}.Release|x86.Build.0 = Release|Any CPU
		{1E34CFB5-6CE9-49A2-A40A-6255011FE309}.Debug|Any CPU.ActiveCfg = Debug|Any CPU
		{1E34CFB5-6CE9-49A2-A40A-6255011FE309}.Debug|Any CPU.Build.0 = Debug|Any CPU
		{1E34CFB5-6CE9-49A2-A40A-6255011FE309}.Debug|arm64.ActiveCfg = Debug|Any CPU
		{1E34CFB5-6CE9-49A2-A40A-6255011FE309}.Debug|arm64.Build.0 = Debug|Any CPU
		{1E34CFB5-6CE9-49A2-A40A-6255011FE309}.Debug|x64.ActiveCfg = Debug|Any CPU
		{1E34CFB5-6CE9-49A2-A40A-6255011FE309}.Debug|x64.Build.0 = Debug|Any CPU
		{1E34CFB5-6CE9-49A2-A40A-6255011FE309}.Debug|x86.ActiveCfg = Debug|Any CPU
		{1E34CFB5-6CE9-49A2-A40A-6255011FE309}.Debug|x86.Build.0 = Debug|Any CPU
		{1E34CFB5-6CE9-49A2-A40A-6255011FE309}.Release|Any CPU.ActiveCfg = Release|Any CPU
		{1E34CFB5-6CE9-49A2-A40A-6255011FE309}.Release|Any CPU.Build.0 = Release|Any CPU
		{1E34CFB5-6CE9-49A2-A40A-6255011FE309}.Release|arm64.ActiveCfg = Release|Any CPU
		{1E34CFB5-6CE9-49A2-A40A-6255011FE309}.Release|arm64.Build.0 = Release|Any CPU
		{1E34CFB5-6CE9-49A2-A40A-6255011FE309}.Release|x64.ActiveCfg = Release|Any CPU
		{1E34CFB5-6CE9-49A2-A40A-6255011FE309}.Release|x64.Build.0 = Release|Any CPU
		{1E34CFB5-6CE9-49A2-A40A-6255011FE309}.Release|x86.ActiveCfg = Release|Any CPU
		{1E34CFB5-6CE9-49A2-A40A-6255011FE309}.Release|x86.Build.0 = Release|Any CPU
		{56302291-9CF3-47DB-BDFC-154AE87415E8}.Debug|Any CPU.ActiveCfg = Debug|Any CPU
		{56302291-9CF3-47DB-BDFC-154AE87415E8}.Debug|Any CPU.Build.0 = Debug|Any CPU
		{56302291-9CF3-47DB-BDFC-154AE87415E8}.Debug|arm64.ActiveCfg = Debug|Any CPU
		{56302291-9CF3-47DB-BDFC-154AE87415E8}.Debug|arm64.Build.0 = Debug|Any CPU
		{56302291-9CF3-47DB-BDFC-154AE87415E8}.Debug|x64.ActiveCfg = Debug|Any CPU
		{56302291-9CF3-47DB-BDFC-154AE87415E8}.Debug|x64.Build.0 = Debug|Any CPU
		{56302291-9CF3-47DB-BDFC-154AE87415E8}.Debug|x86.ActiveCfg = Debug|Any CPU
		{56302291-9CF3-47DB-BDFC-154AE87415E8}.Debug|x86.Build.0 = Debug|Any CPU
		{56302291-9CF3-47DB-BDFC-154AE87415E8}.Release|Any CPU.ActiveCfg = Release|Any CPU
		{56302291-9CF3-47DB-BDFC-154AE87415E8}.Release|Any CPU.Build.0 = Release|Any CPU
		{56302291-9CF3-47DB-BDFC-154AE87415E8}.Release|arm64.ActiveCfg = Release|Any CPU
		{56302291-9CF3-47DB-BDFC-154AE87415E8}.Release|arm64.Build.0 = Release|Any CPU
		{56302291-9CF3-47DB-BDFC-154AE87415E8}.Release|x64.ActiveCfg = Release|Any CPU
		{56302291-9CF3-47DB-BDFC-154AE87415E8}.Release|x64.Build.0 = Release|Any CPU
		{56302291-9CF3-47DB-BDFC-154AE87415E8}.Release|x86.ActiveCfg = Release|Any CPU
		{56302291-9CF3-47DB-BDFC-154AE87415E8}.Release|x86.Build.0 = Release|Any CPU
	EndGlobalSection
	GlobalSection(SolutionProperties) = preSolution
		HideSolutionNode = FALSE
	EndGlobalSection
	GlobalSection(NestedProjects) = preSolution
		{BE394691-822A-4FA1-A5FE-E98768CAF7AF} = {29FEB7FE-03BB-4827-9163-69C29708FE7E}
		{9667D83A-F0EA-4CC0-B018-F47E9C648504} = {29FEB7FE-03BB-4827-9163-69C29708FE7E}
		{FFE4FF9D-603D-4EE6-AA64-04B6360B5DB8} = {29FEB7FE-03BB-4827-9163-69C29708FE7E}
		{B4807893-69D3-4266-9BA6-636D7D75DF4C} = {29FEB7FE-03BB-4827-9163-69C29708FE7E}
		{84284E68-4D68-4900-B932-50E4990DD575} = {29FEB7FE-03BB-4827-9163-69C29708FE7E}
	EndGlobalSection
	GlobalSection(ExtensibilityGlobals) = postSolution
		SolutionGuid = {F422DECE-54C5-48B5-B190-1600B4A427B5}
	EndGlobalSection
	GlobalSection(SharedMSBuildProjectFiles) = preSolution
		OnionMedia.Uno\OnionMedia.Uno.Shared\OnionMedia.Uno.Shared.projitems*{6279c845-92f8-4333-ab99-3d213163593c}*SharedItemsImports = 13
		OnionMedia.Uno\OnionMedia.Uno.Shared\OnionMedia.Uno.Shared.projitems*{84284e68-4d68-4900-b932-50e4990dd575}*SharedItemsImports = 5
		OnionMedia.Uno\OnionMedia.Uno.Shared\OnionMedia.Uno.Shared.projitems*{9667d83a-f0ea-4cc0-b018-f47e9c648504}*SharedItemsImports = 5
		OnionMedia.Uno\OnionMedia.Uno.Shared\OnionMedia.Uno.Shared.projitems*{b4807893-69d3-4266-9ba6-636d7d75df4c}*SharedItemsImports = 5
		OnionMedia.Uno\OnionMedia.Uno.Shared\OnionMedia.Uno.Shared.projitems*{be394691-822a-4fa1-a5fe-e98768caf7af}*SharedItemsImports = 5
		OnionMedia.Uno\OnionMedia.Uno.Shared\OnionMedia.Uno.Shared.projitems*{ffe4ff9d-603d-4ee6-aa64-04b6360b5db8}*SharedItemsImports = 5
	EndGlobalSection
EndGlobal
